
Microsoft Visual Studio Solution File, Format Version 12.00
# Visual Studio Version 16
VisualStudioVersion = 16.0.30011.22
MinimumVisualStudioVersion = 10.0.40219.1
Project("{9A19103F-16F7-4668-BE54-9A1E7A4F7556}") = "SqlSprinkles", "SqlSprinkles\SqlSprinkles.csproj", "{90CBC3D2-276F-4A5D-BC8F-FE47A62DBD6F}"
EndProject
Project("{FAE04EC0-301F-11D3-BF4B-00C04F79EFBC}") = "SqlSprinkles.UnitTest", "SqlSprinkles.UnitTest\SqlSprinkles.UnitTest.csproj", "{FC332446-77C7-48E3-9744-8051A72D5C13}"
EndProject
Global
	GlobalSection(SolutionConfigurationPlatforms) = preSolution
		Debug|Any CPU = Debug|Any CPU
		Release|Any CPU = Release|Any CPU
	EndGlobalSection
	GlobalSection(ProjectConfigurationPlatforms) = postSolution
		{90CBC3D2-276F-4A5D-BC8F-FE47A62DBD6F}.Debug|Any CPU.ActiveCfg = Debug|Any CPU
		{90CBC3D2-276F-4A5D-BC8F-FE47A62DBD6F}.Debug|Any CPU.Build.0 = Debug|Any CPU
		{90CBC3D2-276F-4A5D-BC8F-FE47A62DBD6F}.Release|Any CPU.ActiveCfg = Release|Any CPU
		{90CBC3D2-276F-4A5D-BC8F-FE47A62DBD6F}.Release|Any CPU.Build.0 = Release|Any CPU
		{FC332446-77C7-48E3-9744-8051A72D5C13}.Debug|Any CPU.ActiveCfg = Debug|Any CPU
		{FC332446-77C7-48E3-9744-8051A72D5C13}.Debug|Any CPU.Build.0 = Debug|Any CPU
		{FC332446-77C7-48E3-9744-8051A72D5C13}.Release|Any CPU.ActiveCfg = Release|Any CPU
		{FC332446-77C7-48E3-9744-8051A72D5C13}.Release|Any CPU.Build.0 = Release|Any CPU
	EndGlobalSection
	GlobalSection(SolutionProperties) = preSolution
		HideSolutionNode = FALSE
	EndGlobalSection
	GlobalSection(ExtensibilityGlobals) = postSolution
		SolutionGuid = {F9BD7EE6-D55A-44E0-9626-04D98592E3AB}
	EndGlobalSection
EndGlobal
